
Microsoft Visual Studio Solution File, Format Version 12.00
# Visual Studio Version 17
VisualStudioVersion = 17.0.31903.59
MinimumVisualStudioVersion = 10.0.40219.1
Project("{FAE04EC0-301F-11D3-BF4B-00C04F79EFBC}") = "PasswordGeneratorCICD.Domain", "PasswordGeneratorCICD.Domain\PasswordGeneratorCICD.Domain.csproj", "{BD9FFDB5-9B8B-49BF-BE17-6959174A56C8}"
EndProject
Project("{FAE04EC0-301F-11D3-BF4B-00C04F79EFBC}") = "PasswordGeneratorCICD.Api", "PasswordGeneratorCICD.Api\PasswordGeneratorCICD.Api.csproj", "{F0AE94E6-7834-4CA9-86AE-E8065DAD04B5}"
	ProjectSection(ProjectDependencies) = postProject
		{BD9FFDB5-9B8B-49BF-BE17-6959174A56C8} = {BD9FFDB5-9B8B-49BF-BE17-6959174A56C8}
		{FD69FE89-5742-44B8-AFD7-8F7D9E4130DE} = {FD69FE89-5742-44B8-AFD7-8F7D9E4130DE}
	EndProjectSection
EndProject
Project("{FAE04EC0-301F-11D3-BF4B-00C04F79EFBC}") = "PasswordGeneratorCICD.Presentation.Blazor", "PasswordGeneratorCICD.Presentation.Blazor\PasswordGeneratorCICD.Presentation.Blazor.csproj", "{D036094D-A301-4448-B8A1-5CEC75331061}"
EndProject
Project("{FAE04EC0-301F-11D3-BF4B-00C04F79EFBC}") = "PasswordGeneratorCICD.UnitTests", "PasswordGeneratorCICD.UnitTests\PasswordGeneratorCICD.UnitTests.csproj", "{9272F1DE-BF64-478D-9E64-60F91FEB8827}"
EndProject
Project("{FAE04EC0-301F-11D3-BF4B-00C04F79EFBC}") = "PasswordGeneratorCICD.IntegrationTests", "PasswordGeneratorCICD.IntegrationTests\PasswordGeneratorCICD.IntegrationTests.csproj", "{05CAFC71-86FD-4F07-99F3-2BB2FDAE0B01}"
EndProject
Project("{FAE04EC0-301F-11D3-BF4B-00C04F79EFBC}") = "PasswordGeneratorCICD.SharedKernel", "PasswordGeneratorCICD.SharedKernel\PasswordGeneratorCICD.SharedKernel.csproj", "{B201D5DA-C702-4123-B16A-65760A834C14}"
EndProject
Project("{FAE04EC0-301F-11D3-BF4B-00C04F79EFBC}") = "PasswordGeneratorCICD.Application", "PasswordGeneratorCICD.Application\PasswordGeneratorCICD.Application.csproj", "{FD69FE89-5742-44B8-AFD7-8F7D9E4130DE}"
EndProject
Global
	GlobalSection(SolutionConfigurationPlatforms) = preSolution
		Debug|Any CPU = Debug|Any CPU
		Release|Any CPU = Release|Any CPU
	EndGlobalSection
	GlobalSection(ProjectConfigurationPlatforms) = postSolution
		{BD9FFDB5-9B8B-49BF-BE17-6959174A56C8}.Debug|Any CPU.ActiveCfg = Debug|Any CPU
		{BD9FFDB5-9B8B-49BF-BE17-6959174A56C8}.Debug|Any CPU.Build.0 = Debug|Any CPU
		{BD9FFDB5-9B8B-49BF-BE17-6959174A56C8}.Release|Any CPU.ActiveCfg = Release|Any CPU
		{BD9FFDB5-9B8B-49BF-BE17-6959174A56C8}.Release|Any CPU.Build.0 = Release|Any CPU
		{F0AE94E6-7834-4CA9-86AE-E8065DAD04B5}.Debug|Any CPU.ActiveCfg = Debug|Any CPU
		{F0AE94E6-7834-4CA9-86AE-E8065DAD04B5}.Debug|Any CPU.Build.0 = Debug|Any CPU
		{F0AE94E6-7834-4CA9-86AE-E8065DAD04B5}.Release|Any CPU.ActiveCfg = Release|Any CPU
		{F0AE94E6-7834-4CA9-86AE-E8065DAD04B5}.Release|Any CPU.Build.0 = Release|Any CPU
		{D036094D-A301-4448-B8A1-5CEC75331061}.Debug|Any CPU.ActiveCfg = Debug|Any CPU
		{D036094D-A301-4448-B8A1-5CEC75331061}.Debug|Any CPU.Build.0 = Debug|Any CPU
		{D036094D-A301-4448-B8A1-5CEC75331061}.Release|Any CPU.ActiveCfg = Release|Any CPU
		{D036094D-A301-4448-B8A1-5CEC75331061}.Release|Any CPU.Build.0 = Release|Any CPU
		{9272F1DE-BF64-478D-9E64-60F91FEB8827}.Debug|Any CPU.ActiveCfg = Debug|Any CPU
		{9272F1DE-BF64-478D-9E64-60F91FEB8827}.Debug|Any CPU.Build.0 = Debug|Any CPU
		{9272F1DE-BF64-478D-9E64-60F91FEB8827}.Release|Any CPU.ActiveCfg = Release|Any CPU
		{9272F1DE-BF64-478D-9E64-60F91FEB8827}.Release|Any CPU.Build.0 = Release|Any CPU
		{05CAFC71-86FD-4F07-99F3-2BB2FDAE0B01}.Debug|Any CPU.ActiveCfg = Debug|Any CPU
		{05CAFC71-86FD-4F07-99F3-2BB2FDAE0B01}.Debug|Any CPU.Build.0 = Debug|Any CPU
		{05CAFC71-86FD-4F07-99F3-2BB2FDAE0B01}.Release|Any CPU.ActiveCfg = Release|Any CPU
		{05CAFC71-86FD-4F07-99F3-2BB2FDAE0B01}.Release|Any CPU.Build.0 = Release|Any CPU
		{B201D5DA-C702-4123-B16A-65760A834C14}.Debug|Any CPU.ActiveCfg = Debug|Any CPU
		{B201D5DA-C702-4123-B16A-65760A834C14}.Debug|Any CPU.Build.0 = Debug|Any CPU
		{B201D5DA-C702-4123-B16A-65760A834C14}.Release|Any CPU.ActiveCfg = Release|Any CPU
		{B201D5DA-C702-4123-B16A-65760A834C14}.Release|Any CPU.Build.0 = Release|Any CPU
		{FD69FE89-5742-44B8-AFD7-8F7D9E4130DE}.Debug|Any CPU.ActiveCfg = Debug|Any CPU
		{FD69FE89-5742-44B8-AFD7-8F7D9E4130DE}.Debug|Any CPU.Build.0 = Debug|Any CPU
		{FD69FE89-5742-44B8-AFD7-8F7D9E4130DE}.Release|Any CPU.ActiveCfg = Release|Any CPU
		{FD69FE89-5742-44B8-AFD7-8F7D9E4130DE}.Release|Any CPU.Build.0 = Release|Any CPU
	EndGlobalSection
	GlobalSection(SolutionProperties) = preSolution
		HideSolutionNode = FALSE
	EndGlobalSection
	GlobalSection(ExtensibilityGlobals) = postSolution
		SolutionGuid = {1B9D8C3D-CD31-4806-AABD-3D5A73C35A9B}
	EndGlobalSection
EndGlobal
